# This file is autogenerated, do not edit; changes may be undone by the next 'dep ensure'.


[[projects]]
  name = "github.com/basgys/goxml2json"
  packages = ["."]
  revision = "2d1144263e315d2f369c40473415e8d839e67bd3"
  version = "v1.0.0"

[solve-meta]
  analyzer-name = "dep"
  analyzer-version = 1
  inputs-digest = "fcc3557a57420562bd9c0c0be9514287174cd5b26f8e4be4b2c80e4be7f798f7"
  solver-name = "gps-cdcl"
  solver-version = 1
